{
  "nodes": {
    "flakes": {
      "locked": {
        "lastModified": 1692104886,
        "narHash": "sha256-txkZtlHmLZNJamyDlKllLyuHfr7u5xwwcRIXNY5/P90=",
        "owner": "deemp",
        "repo": "flakes",
        "rev": "37c11022b40a1b69436b5851f1ce91f30bffb978",
        "type": "github"
      },
      "original": {
        "owner": "deemp",
        "repo": "flakes",
        "type": "github"
      }
    },
    "root": {
      "inputs": {
        "flakes": "flakes"
      }
    }
  },
  "root": "root",
  "version": 7
}
