{
  "nodes": {
    "flakes": {
      "locked": {
        "lastModified": 1701565135,
        "narHash": "sha256-Jn3jHSxmh8bRzQZfzpXHPPLegYsQuLLX37Rqga7o4kg=",
        "owner": "deemp",
        "repo": "flakes",
        "rev": "89e3544d98be7c8cf58dc254f9119f5e7adb3880",
        "type": "github"
      },
      "original": {
        "owner": "deemp",
        "repo": "flakes",
        "type": "github"
      }
    },
    "root": {
      "inputs": {
        "flakes": "flakes"
      }
    }
  },
  "root": "root",
  "version": 7
}
