{
  "nodes": {
    "cache-nix-action": {
      "flake": false,
      "locked": {
        "lastModified": 1740043019,
        "narHash": "sha256-o+k4rGT4a+LK/CbgzTMhIpXmzgcGbJ5fUdtmzEK0mvU=",
        "owner": "nix-community",
        "repo": "cache-nix-action",
        "rev": "df80c053f99af98d7fd8c4bcfd6540616f6df988",
        "type": "github"
      },
      "original": {
        "owner": "nix-community",
        "repo": "cache-nix-action",
        "type": "github"
      }
    },
    "flake-utils": {
      "inputs": {
        "systems": "systems"
      },
      "locked": {
        "lastModified": 1731533236,
        "narHash": "sha256-l0KFg5HjrsfsO/JpG+r7fRrqm12kzFHyUHqHCVpMMbI=",
        "owner": "numtide",
        "repo": "flake-utils",
        "rev": "11707dc2f618dd54ca8739b309ec4fc024de578b",
        "type": "github"
      },
      "original": {
        "owner": "numtide",
        "repo": "flake-utils",
        "type": "github"
      }
    },
    "nixpkgs": {
      "locked": {
        "lastModified": 1740041467,
        "narHash": "sha256-JwI6pv/QMVEkv3SSBEgkIFucqOlBqFqBnE6EYDHiEMg=",
        "owner": "nixos",
        "repo": "nixpkgs",
        "rev": "dfd9fbdc069685c82a1d0171fb5ab2914aa6a16a",
        "type": "github"
      },
      "original": {
        "owner": "nixos",
        "repo": "nixpkgs",
        "type": "github"
      }
    },
    "root": {
      "inputs": {
        "cache-nix-action": "cache-nix-action",
        "flake-utils": "flake-utils",
        "nixpkgs": "nixpkgs"
      }
    },
    "systems": {
      "locked": {
        "lastModified": 1681028828,
        "narHash": "sha256-Vy1rq5AaRuLzOxct8nz4T6wlgyUR7zLU309k9mBC768=",
        "owner": "nix-systems",
        "repo": "default",
        "rev": "da67096a3b9bf56a91d16901293e51ba5b49a27e",
        "type": "github"
      },
      "original": {
        "owner": "nix-systems",
        "repo": "default",
        "type": "github"
      }
    }
  },
  "root": "root",
  "version": 7
}
